{
  "requires": true,
  "lockfileVersion": 1,
  "dependencies": {
    "cordova-open-native-settings": {
      "version": "1.5.2",
      "resolved": "https://registry.npmjs.org/cordova-open-native-settings/-/cordova-open-native-settings-1.5.2.tgz",
      "integrity": "sha512-UvcTZAH3/r3U/jred2bOqoYIXUo5Gmq0in6fgkqvwgRCcOSQtQJWnUqg4i0RlHkEd1zKDi61JdpeSyJT+K8ZRQ==",
      "dev": true
    },
    "cordova-plugin-apprate": {
      "version": "1.4.0",
      "resolved": "https://registry.npmjs.org/cordova-plugin-apprate/-/cordova-plugin-apprate-1.4.0.tgz",
      "integrity": "sha512-4HflFYuxzctnxQHYL9L5og7GVtVDQuqFX4WGXBzslln8V9/ODCafBTTtLSt+EKoIOJvL1iD5dztYkfyDn7HpBg==",
      "dev": true
    },
    "cordova-plugin-device": {
      "version": "2.0.2",
      "resolved": "https://registry.npmjs.org/cordova-plugin-device/-/cordova-plugin-device-2.0.2.tgz",
      "integrity": "sha1-/Ajzci5n7ve2xnv8mag99q3Quro=",
      "dev": true
    },
    "cordova-plugin-dialogs": {
      "version": "2.0.2",
      "resolved": "https://registry.npmjs.org/cordova-plugin-dialogs/-/cordova-plugin-dialogs-2.0.2.tgz",
      "integrity": "sha512-FUHI6eEVeoz2VkxbF0P56QlUQLGzXcvw3i4xuXyM9gEct6Y+FA3Xzgl2pJTZcTg5wRqLWzN08kgNoHPkom15pw=="
    },
    "cordova-plugin-fcm": {
      "version": "2.1.2",
      "resolved": "https://registry.npmjs.org/cordova-plugin-fcm/-/cordova-plugin-fcm-2.1.2.tgz",
      "integrity": "sha1-Xy98EsFlVtIdMCHn062J4hWCV0c="
    },
    "cordova-plugin-globalization": {
      "version": "1.11.0",
      "resolved": "https://registry.npmjs.org/cordova-plugin-globalization/-/cordova-plugin-globalization-1.11.0.tgz",
      "integrity": "sha1-6sMVgQAphJOvowvolA5pj2HvvP4="
    },
    "cordova-plugin-inappbrowser": {
      "version": "3.0.0",
      "resolved": "https://registry.npmjs.org/cordova-plugin-inappbrowser/-/cordova-plugin-inappbrowser-3.0.0.tgz",
      "integrity": "sha1-1K4A02Z2IQdRBXrSWK5K1KkWGto="
    },
    "cordova-plugin-nativestorage": {
      "version": "2.3.2",
      "resolved": "https://registry.npmjs.org/cordova-plugin-nativestorage/-/cordova-plugin-nativestorage-2.3.2.tgz",
      "integrity": "sha512-olg/BzYRk0NGbKQ5f7rf21RYQEyJI19CCZn6RpVMO9/kbRRFqae/6ixjDNy81dXSu2TQ42brjBddGe1Qpn5ViA=="
    },
    "cordova-plugin-splashscreen": {
      "version": "5.0.2",
      "resolved": "https://registry.npmjs.org/cordova-plugin-splashscreen/-/cordova-plugin-splashscreen-5.0.2.tgz",
      "integrity": "sha1-dH509W4gHNWFvGLRS8oZ9oZ/8e0=",
      "dev": true
    },
    "cordova-plugin-whitelist": {
      "version": "1.3.3",
      "resolved": "https://registry.npmjs.org/cordova-plugin-whitelist/-/cordova-plugin-whitelist-1.3.3.tgz",
      "integrity": "sha1-tehezbv+Wu3tQKG/TuI3LmfZb7Q=",
      "dev": true
    }
  }
}
